
Microsoft Visual Studio Solution File, Format Version 12.00
# Visual Studio Version 16
VisualStudioVersion = 16.0.29613.14
MinimumVisualStudioVersion = 10.0.40219.1
Project("{9A19103F-16F7-4668-BE54-9A1E7A4F7556}") = "Helpers", "Helpers\Helpers.csproj", "{195C3727-A3FC-423D-A734-A80802403D69}"
EndProject
Project("{9A19103F-16F7-4668-BE54-9A1E7A4F7556}") = "StatisticalCalculatorOperations", "StatisticalCalculatorOperations\StatisticalCalculatorOperations.csproj", "{76E6FC7F-9366-48F4-9362-6F34847B1C5B}"
EndProject
Project("{9A19103F-16F7-4668-BE54-9A1E7A4F7556}") = "StatisticalCalculatorOperationsTests", "StatisticalCalculatorOperationsTests\StatisticalCalculatorOperationsTests.csproj", "{EACA781B-D5CA-486C-8474-405B8E310B88}"
EndProject
Global
	GlobalSection(SolutionConfigurationPlatforms) = preSolution
		Debug|Any CPU = Debug|Any CPU
		Release|Any CPU = Release|Any CPU
	EndGlobalSection
	GlobalSection(ProjectConfigurationPlatforms) = postSolution
		{195C3727-A3FC-423D-A734-A80802403D69}.Debug|Any CPU.ActiveCfg = Debug|Any CPU
		{195C3727-A3FC-423D-A734-A80802403D69}.Debug|Any CPU.Build.0 = Debug|Any CPU
		{195C3727-A3FC-423D-A734-A80802403D69}.Release|Any CPU.ActiveCfg = Release|Any CPU
		{195C3727-A3FC-423D-A734-A80802403D69}.Release|Any CPU.Build.0 = Release|Any CPU
		{76E6FC7F-9366-48F4-9362-6F34847B1C5B}.Debug|Any CPU.ActiveCfg = Debug|Any CPU
		{76E6FC7F-9366-48F4-9362-6F34847B1C5B}.Debug|Any CPU.Build.0 = Debug|Any CPU
		{76E6FC7F-9366-48F4-9362-6F34847B1C5B}.Release|Any CPU.ActiveCfg = Release|Any CPU
		{76E6FC7F-9366-48F4-9362-6F34847B1C5B}.Release|Any CPU.Build.0 = Release|Any CPU
		{EACA781B-D5CA-486C-8474-405B8E310B88}.Debug|Any CPU.ActiveCfg = Debug|Any CPU
		{EACA781B-D5CA-486C-8474-405B8E310B88}.Debug|Any CPU.Build.0 = Debug|Any CPU
		{EACA781B-D5CA-486C-8474-405B8E310B88}.Release|Any CPU.ActiveCfg = Release|Any CPU
		{EACA781B-D5CA-486C-8474-405B8E310B88}.Release|Any CPU.Build.0 = Release|Any CPU
	EndGlobalSection
	GlobalSection(SolutionProperties) = preSolution
		HideSolutionNode = FALSE
	EndGlobalSection
	GlobalSection(ExtensibilityGlobals) = postSolution
		SolutionGuid = {A8B53166-826B-40B3-9E55-D355895B4437}
	EndGlobalSection
EndGlobal
